
Microsoft Visual Studio Solution File, Format Version 12.00
# Visual Studio 15
VisualStudioVersion = 15.0.26124.0
MinimumVisualStudioVersion = 15.0.26124.0
Project("{2150E333-8FDC-42A3-9474-1A3956D46DE8}") = "src", "src", "{0D1A168A-1559-4394-8688-E65C4FFA1ED8}"
EndProject
Project("{FAE04EC0-301F-11D3-BF4B-00C04F79EFBC}") = "YoutubeSearch.Web", "src\YoutubeSearch.Web\YoutubeSearch.Web.csproj", "{B6793984-67E8-40CD-8CD0-DC382BA95F0B}"
EndProject
Project("{FAE04EC0-301F-11D3-BF4B-00C04F79EFBC}") = "YoutubeSearch.Application", "src\YoutubeSearch.Application\YoutubeSearch.Application.csproj", "{9C391191-2726-4A28-8FF4-DAD69383FB51}"
EndProject
Project("{FAE04EC0-301F-11D3-BF4B-00C04F79EFBC}") = "YoutubeSearch.Domain", "src\YoutubeSearch.Domain\YoutubeSearch.Domain.csproj", "{B357070F-1825-4EE3-952A-747E05174256}"
EndProject
Project("{FAE04EC0-301F-11D3-BF4B-00C04F79EFBC}") = "YoutubeSearch.Persistence", "src\YoutubeSearch.Persistence\YoutubeSearch.Persistence.csproj", "{C2F3EB58-6213-4D10-869F-5692D87BECA6}"
EndProject
Project("{2150E333-8FDC-42A3-9474-1A3956D46DE8}") = "test", "test", "{4471BF5F-224F-418F-8D97-21BB46793F8D}"
EndProject
Project("{FAE04EC0-301F-11D3-BF4B-00C04F79EFBC}") = "YoutubeSearch.Application.Tests", "test\YoutubeSearch.Application.Tests\YoutubeSearch.Application.Tests.csproj", "{6ECD858D-47E4-4D70-9B72-2067D50E3B8F}"
EndProject
Global
	GlobalSection(SolutionConfigurationPlatforms) = preSolution
		Debug|Any CPU = Debug|Any CPU
		Debug|x64 = Debug|x64
		Debug|x86 = Debug|x86
		Release|Any CPU = Release|Any CPU
		Release|x64 = Release|x64
		Release|x86 = Release|x86
	EndGlobalSection
	GlobalSection(SolutionProperties) = preSolution
		HideSolutionNode = FALSE
	EndGlobalSection
	GlobalSection(ProjectConfigurationPlatforms) = postSolution
		{B6793984-67E8-40CD-8CD0-DC382BA95F0B}.Debug|Any CPU.ActiveCfg = Debug|Any CPU
		{B6793984-67E8-40CD-8CD0-DC382BA95F0B}.Debug|Any CPU.Build.0 = Debug|Any CPU
		{B6793984-67E8-40CD-8CD0-DC382BA95F0B}.Debug|x64.ActiveCfg = Debug|Any CPU
		{B6793984-67E8-40CD-8CD0-DC382BA95F0B}.Debug|x64.Build.0 = Debug|Any CPU
		{B6793984-67E8-40CD-8CD0-DC382BA95F0B}.Debug|x86.ActiveCfg = Debug|Any CPU
		{B6793984-67E8-40CD-8CD0-DC382BA95F0B}.Debug|x86.Build.0 = Debug|Any CPU
		{B6793984-67E8-40CD-8CD0-DC382BA95F0B}.Release|Any CPU.ActiveCfg = Release|Any CPU
		{B6793984-67E8-40CD-8CD0-DC382BA95F0B}.Release|Any CPU.Build.0 = Release|Any CPU
		{B6793984-67E8-40CD-8CD0-DC382BA95F0B}.Release|x64.ActiveCfg = Release|Any CPU
		{B6793984-67E8-40CD-8CD0-DC382BA95F0B}.Release|x64.Build.0 = Release|Any CPU
		{B6793984-67E8-40CD-8CD0-DC382BA95F0B}.Release|x86.ActiveCfg = Release|Any CPU
		{B6793984-67E8-40CD-8CD0-DC382BA95F0B}.Release|x86.Build.0 = Release|Any CPU
		{9C391191-2726-4A28-8FF4-DAD69383FB51}.Debug|Any CPU.ActiveCfg = Debug|Any CPU
		{9C391191-2726-4A28-8FF4-DAD69383FB51}.Debug|Any CPU.Build.0 = Debug|Any CPU
		{9C391191-2726-4A28-8FF4-DAD69383FB51}.Debug|x64.ActiveCfg = Debug|Any CPU
		{9C391191-2726-4A28-8FF4-DAD69383FB51}.Debug|x64.Build.0 = Debug|Any CPU
		{9C391191-2726-4A28-8FF4-DAD69383FB51}.Debug|x86.ActiveCfg = Debug|Any CPU
		{9C391191-2726-4A28-8FF4-DAD69383FB51}.Debug|x86.Build.0 = Debug|Any CPU
		{9C391191-2726-4A28-8FF4-DAD69383FB51}.Release|Any CPU.ActiveCfg = Release|Any CPU
		{9C391191-2726-4A28-8FF4-DAD69383FB51}.Release|Any CPU.Build.0 = Release|Any CPU
		{9C391191-2726-4A28-8FF4-DAD69383FB51}.Release|x64.ActiveCfg = Release|Any CPU
		{9C391191-2726-4A28-8FF4-DAD69383FB51}.Release|x64.Build.0 = Release|Any CPU
		{9C391191-2726-4A28-8FF4-DAD69383FB51}.Release|x86.ActiveCfg = Release|Any CPU
		{9C391191-2726-4A28-8FF4-DAD69383FB51}.Release|x86.Build.0 = Release|Any CPU
		{B357070F-1825-4EE3-952A-747E05174256}.Debug|Any CPU.ActiveCfg = Debug|Any CPU
		{B357070F-1825-4EE3-952A-747E05174256}.Debug|Any CPU.Build.0 = Debug|Any CPU
		{B357070F-1825-4EE3-952A-747E05174256}.Debug|x64.ActiveCfg = Debug|Any CPU
		{B357070F-1825-4EE3-952A-747E05174256}.Debug|x64.Build.0 = Debug|Any CPU
		{B357070F-1825-4EE3-952A-747E05174256}.Debug|x86.ActiveCfg = Debug|Any CPU
		{B357070F-1825-4EE3-952A-747E05174256}.Debug|x86.Build.0 = Debug|Any CPU
		{B357070F-1825-4EE3-952A-747E05174256}.Release|Any CPU.ActiveCfg = Release|Any CPU
		{B357070F-1825-4EE3-952A-747E05174256}.Release|Any CPU.Build.0 = Release|Any CPU
		{B357070F-1825-4EE3-952A-747E05174256}.Release|x64.ActiveCfg = Release|Any CPU
		{B357070F-1825-4EE3-952A-747E05174256}.Release|x64.Build.0 = Release|Any CPU
		{B357070F-1825-4EE3-952A-747E05174256}.Release|x86.ActiveCfg = Release|Any CPU
		{B357070F-1825-4EE3-952A-747E05174256}.Release|x86.Build.0 = Release|Any CPU
		{C2F3EB58-6213-4D10-869F-5692D87BECA6}.Debug|Any CPU.ActiveCfg = Debug|Any CPU
		{C2F3EB58-6213-4D10-869F-5692D87BECA6}.Debug|Any CPU.Build.0 = Debug|Any CPU
		{C2F3EB58-6213-4D10-869F-5692D87BECA6}.Debug|x64.ActiveCfg = Debug|Any CPU
		{C2F3EB58-6213-4D10-869F-5692D87BECA6}.Debug|x64.Build.0 = Debug|Any CPU
		{C2F3EB58-6213-4D10-869F-5692D87BECA6}.Debug|x86.ActiveCfg = Debug|Any CPU
		{C2F3EB58-6213-4D10-869F-5692D87BECA6}.Debug|x86.Build.0 = Debug|Any CPU
		{C2F3EB58-6213-4D10-869F-5692D87BECA6}.Release|Any CPU.ActiveCfg = Release|Any CPU
		{C2F3EB58-6213-4D10-869F-5692D87BECA6}.Release|Any CPU.Build.0 = Release|Any CPU
		{C2F3EB58-6213-4D10-869F-5692D87BECA6}.Release|x64.ActiveCfg = Release|Any CPU
		{C2F3EB58-6213-4D10-869F-5692D87BECA6}.Release|x64.Build.0 = Release|Any CPU
		{C2F3EB58-6213-4D10-869F-5692D87BECA6}.Release|x86.ActiveCfg = Release|Any CPU
		{C2F3EB58-6213-4D10-869F-5692D87BECA6}.Release|x86.Build.0 = Release|Any CPU
		{6ECD858D-47E4-4D70-9B72-2067D50E3B8F}.Debug|Any CPU.ActiveCfg = Debug|Any CPU
		{6ECD858D-47E4-4D70-9B72-2067D50E3B8F}.Debug|Any CPU.Build.0 = Debug|Any CPU
		{6ECD858D-47E4-4D70-9B72-2067D50E3B8F}.Debug|x64.ActiveCfg = Debug|Any CPU
		{6ECD858D-47E4-4D70-9B72-2067D50E3B8F}.Debug|x64.Build.0 = Debug|Any CPU
		{6ECD858D-47E4-4D70-9B72-2067D50E3B8F}.Debug|x86.ActiveCfg = Debug|Any CPU
		{6ECD858D-47E4-4D70-9B72-2067D50E3B8F}.Debug|x86.Build.0 = Debug|Any CPU
		{6ECD858D-47E4-4D70-9B72-2067D50E3B8F}.Release|Any CPU.ActiveCfg = Release|Any CPU
		{6ECD858D-47E4-4D70-9B72-2067D50E3B8F}.Release|Any CPU.Build.0 = Release|Any CPU
		{6ECD858D-47E4-4D70-9B72-2067D50E3B8F}.Release|x64.ActiveCfg = Release|Any CPU
		{6ECD858D-47E4-4D70-9B72-2067D50E3B8F}.Release|x64.Build.0 = Release|Any CPU
		{6ECD858D-47E4-4D70-9B72-2067D50E3B8F}.Release|x86.ActiveCfg = Release|Any CPU
		{6ECD858D-47E4-4D70-9B72-2067D50E3B8F}.Release|x86.Build.0 = Release|Any CPU
	EndGlobalSection
	GlobalSection(NestedProjects) = preSolution
		{B6793984-67E8-40CD-8CD0-DC382BA95F0B} = {0D1A168A-1559-4394-8688-E65C4FFA1ED8}
		{9C391191-2726-4A28-8FF4-DAD69383FB51} = {0D1A168A-1559-4394-8688-E65C4FFA1ED8}
		{B357070F-1825-4EE3-952A-747E05174256} = {0D1A168A-1559-4394-8688-E65C4FFA1ED8}
		{C2F3EB58-6213-4D10-869F-5692D87BECA6} = {0D1A168A-1559-4394-8688-E65C4FFA1ED8}
		{6ECD858D-47E4-4D70-9B72-2067D50E3B8F} = {4471BF5F-224F-418F-8D97-21BB46793F8D}
	EndGlobalSection
EndGlobal
